
Microsoft Visual Studio Solution File, Format Version 12.00
# Visual Studio Version 17
VisualStudioVersion = 17.6.33829.357
MinimumVisualStudioVersion = 10.0.40219.1
Project("{FAE04EC0-301F-11D3-BF4B-00C04F79EFBC}") = "cs_learn", "cs_learn\cs_learn.csproj", "{969DFA39-901E-40B7-9DEE-A1491B8D4F83}"
EndProject
Global
	GlobalSection(SolutionConfigurationPlatforms) = preSolution
		Debug|Any CPU = Debug|Any CPU
		Release|Any CPU = Release|Any CPU
	EndGlobalSection
	GlobalSection(ProjectConfigurationPlatforms) = postSolution
		{969DFA39-901E-40B7-9DEE-A1491B8D4F83}.Debug|Any CPU.ActiveCfg = Debug|Any CPU
		{969DFA39-901E-40B7-9DEE-A1491B8D4F83}.Debug|Any CPU.Build.0 = Debug|Any CPU
		{969DFA39-901E-40B7-9DEE-A1491B8D4F83}.Release|Any CPU.ActiveCfg = Release|Any CPU
		{969DFA39-901E-40B7-9DEE-A1491B8D4F83}.Release|Any CPU.Build.0 = Release|Any CPU
	EndGlobalSection
	GlobalSection(SolutionProperties) = preSolution
		HideSolutionNode = FALSE
	EndGlobalSection
	GlobalSection(ExtensibilityGlobals) = postSolution
		SolutionGuid = {28FACCD0-8690-4DC1-9B8A-A7A678347E3C}
	EndGlobalSection
EndGlobal
